
Microsoft Visual Studio Solution File, Format Version 12.00
# Visual Studio Version 17
VisualStudioVersion = 17.11.35222.181
MinimumVisualStudioVersion = 10.0.40219.1
Project("{FAE04EC0-301F-11D3-BF4B-00C04F79EFBC}") = "ListaDeFunções(DeNovo)", "ListaDeFunções(DeNovo)\ListaDeFunções(DeNovo).csproj", "{B66D8BA3-7DA7-4C53-91F3-B21695B42F89}"
EndProject
Global
	GlobalSection(SolutionConfigurationPlatforms) = preSolution
		Debug|Any CPU = Debug|Any CPU
		Release|Any CPU = Release|Any CPU
	EndGlobalSection
	GlobalSection(ProjectConfigurationPlatforms) = postSolution
		{B66D8BA3-7DA7-4C53-91F3-B21695B42F89}.Debug|Any CPU.ActiveCfg = Debug|Any CPU
		{B66D8BA3-7DA7-4C53-91F3-B21695B42F89}.Debug|Any CPU.Build.0 = Debug|Any CPU
		{B66D8BA3-7DA7-4C53-91F3-B21695B42F89}.Release|Any CPU.ActiveCfg = Release|Any CPU
		{B66D8BA3-7DA7-4C53-91F3-B21695B42F89}.Release|Any CPU.Build.0 = Release|Any CPU
	EndGlobalSection
	GlobalSection(SolutionProperties) = preSolution
		HideSolutionNode = FALSE
	EndGlobalSection
	GlobalSection(ExtensibilityGlobals) = postSolution
		SolutionGuid = {08454DD9-BEBD-40AF-9F3C-AA3C918682A5}
	EndGlobalSection
EndGlobal
